Microsoft Visual Studio Solution File, Format Version 8.00
Project("{FAE04EC0-301F-11D3-BF4B-00C04F79EFBC}") = "VoteNow", "VoteNow.csproj", "{B2EE9EC3-12DE-4BE8-87A2-4DD23E7E4244}"
	ProjectSection(ProjectDependencies) = postProject
	EndProjectSection
EndProject
Global
	GlobalSection(SolutionConfiguration) = preSolution
		Debug = Debug
		Release = Release
	EndGlobalSection
	GlobalSection(ProjectConfiguration) = postSolution
		{B2EE9EC3-12DE-4BE8-87A2-4DD23E7E4244}.Debug.ActiveCfg = Debug|.NET
		{B2EE9EC3-12DE-4BE8-87A2-4DD23E7E4244}.Debug.Build.0 = Debug|.NET
		{B2EE9EC3-12DE-4BE8-87A2-4DD23E7E4244}.Release.ActiveCfg = Release|.NET
		{B2EE9EC3-12DE-4BE8-87A2-4DD23E7E4244}.Release.Build.0 = Release|.NET
	EndGlobalSection
	GlobalSection(ExtensibilityGlobals) = postSolution
	EndGlobalSection
	GlobalSection(ExtensibilityAddIns) = postSolution
	EndGlobalSection
EndGlobal
